// !$*UTF8*$!
{
	archiveVersion = 1;
	classes = {
	};
	objectVersion = 46;
	objects = {

/* Begin PBXBuildFile section */
		6ED464141BD99A5D0075B042 /* main.m in Sources */ = {isa = PBXBuildFile; fileRef = 6ED464131BD99A5D0075B042 /* main.m */; };
		6ED464171BD99A5D0075B042 /* AppDelegate.m in Sources */ = {isa = PBXBuildFile; fileRef = 6ED464161BD99A5D0075B042 /* AppDelegate.m */; };
		6ED4641A1BD99A5D0075B042 /* ViewController.m in Sources */ = {isa = PBXBuildFile; fileRef = 6ED464191BD99A5D0075B042 /* ViewController.m */; };
		6ED4641D1BD99A5D0075B042 /* Main.storyboard in Resources */ = {isa = PBXBuildFile; fileRef = 6ED4641B1BD99A5D0075B042 /* Main.storyboard */; };
		6ED464201BD99A5D0075B042 /* Oregon.xcdatamodeld in Sources */ = {isa = PBXBuildFile; fileRef = 6ED4641E1BD99A5D0075B042 /* Oregon.xcdatamodeld */; };
		6ED464221BD99A5D0075B042 /* Assets.xcassets in Resources */ = {isa = PBXBuildFile; fileRef = 6ED464211BD99A5D0075B042 /* Assets.xcassets */; };
		6ED464251BD99A5D0075B042 /* LaunchScreen.storyboard in Resources */ = {isa = PBXBuildFile; fileRef = 6ED464231BD99A5D0075B042 /* LaunchScreen.storyboard */; };
/* End PBXBuildFile section */

/* Begin PBXFileReference section */
		6ED4640F1BD99A5D0075B042 /* Oregon.app */ = {isa = PBXFileReference; explicitFileType = wrapper.application; includeInIndex = 0; path = Oregon.app; sourceTree = BUILT_PRODUCTS_DIR; };
		6ED464131BD99A5D0075B042 /* main.m */ = {isa = PBXFileReference; lastKnownFileType = sourcecode.c.objc; path = main.m; sourceTree = "<group>"; };
		6ED464151BD99A5D0075B042 /* AppDelegate.h */ = {isa = PBXFileReference; lastKnownFileType = sourcecode.c.h; path = AppDelegate.h; sourceTree = "<group>"; };
		6ED464161BD99A5D0075B042 /* AppDelegate.m */ = {isa = PBXFileReference; lastKnownFileType = sourcecode.c.objc; path = AppDelegate.m; sourceTree = "<group>"; };
		6ED464181BD99A5D0075B042 /* ViewController.h */ = {isa = PBXFileReference; lastKnownFileType = sourcecode.c.h; path = ViewController.h; sourceTree = "<group>"; };
		6ED464191BD99A5D0075B042 /* ViewController.m */ = {isa = PBXFileReference; lastKnownFileType = sourcecode.c.objc; path = ViewController.m; sourceTree = "<group>"; };
		6ED4641C1BD99A5D0075B042 /* Base */ = {isa = PBXFileReference; lastKnownFileType = file.storyboard; name = Base; path = Base.lproj/Main.storyboard; sourceTree = "<group>"; };
		6ED4641F1BD99A5D0075B042 /* Oregon.xcdatamodel */ = {isa = PBXFileReference; lastKnownFileType = wrapper.xcdatamodel; path = Oregon.xcdatamodel; sourceTree = "<group>"; };
		6ED464211BD99A5D0075B042 /* Assets.xcassets */ = {isa = PBXFileReference; lastKnownFileType = folder.assetcatalog; path = Assets.xcassets; sourceTree = "<group>"; };
		6ED464241BD99A5D0075B042 /* Base */ = {isa = PBXFileReference; lastKnownFileType = file.storyboard; name = Base; path = Base.lproj/LaunchScreen.storyboard; sourceTree = "<group>"; };
		6ED464261BD99A5D0075B042 /* Info.plist */ = {isa = PBXFileReference; lastKnownFileType = text.plist.xml; path = Info.plist; sourceTree = "<group>"; };
/* End PBXFileReference section */

/* Begin PBXFrameworksBuildPhase section */
		6ED4640C1BD99A5D0075B042 /* Frameworks */ = {
			isa = PBXFrameworksBuildPhase;
			buildActionMask = 2147483647;
			files = (
			);
			runOnlyForDeploymentPostprocessing = 0;
		};
/* End PBXFrameworksBuildPhase section */

/* Begin PBXGroup section */
		6ED464061BD99A5D0075B042 = {
			isa = PBXGroup;
			children = (
				6ED464111BD99A5D0075B042 /* Oregon */,
				6ED464101BD99A5D0075B042 /* Products */,
			);
			sourceTree = "<group>";
		};
		6ED464101BD99A5D0075B042 /* Products */ = {
			isa = PBXGroup;
			children = (
				6ED4640F1BD99A5D0075B042 /* Oregon.app */,
			);
			name = Products;
			sourceTree = "<group>";
		};
		6ED464111BD99A5D0075B042 /* Oregon */ = {
			isa = PBXGroup;
			children = (
				6ED464151BD99A5D0075B042 /* AppDelegate.h */,
				6ED464161BD99A5D0075B042 /* AppDelegate.m */,
				6ED464181BD99A5D0075B042 /* ViewController.h */,
				6ED464191BD99A5D0075B042 /* ViewController.m */,
				6ED4641B1BD99A5D0075B042 /* Main.storyboard */,
				6ED464211BD99A5D0075B042 /* Assets.xcassets */,
				6ED464231BD99A5D0075B042 /* LaunchScreen.storyboard */,
				6ED464261BD99A5D0075B042 /* Info.plist */,
				6ED4641E1BD99A5D0075B042 /* Oregon.xcdatamodeld */,
				6ED464121BD99A5D0075B042 /* Supporting Files */,
			);
			path = Oregon;
			sourceTree = "<group>";
		};
		6ED464121BD99A5D0075B042 /* Supporting Files */ = {
			isa = PBXGroup;
			children = (
				6ED464131BD99A5D0075B042 /* main.m */,
			);
			name = "Supporting Files";
			sourceTree = "<group>";
		};
/* End PBXGroup section */

/* Begin PBXNativeTarget section */
		6ED4640E1BD99A5D0075B042 /* Oregon */ = {
			isa = PBXNativeTarget;
			buildConfigurationList = 6ED464291BD99A5D0075B042 /* Build configuration list for PBXNativeTarget "Oregon" */;
			buildPhases = (
				6ED4640B1BD99A5D0075B042 /* Sources */,
				6ED4640C1BD99A5D0075B042 /* Frameworks */,
				6ED4640D1BD99A5D0075B042 /* Resources */,
			);
			buildRules = (
			);
			dependencies = (
			);
			name = Oregon;
			productName = Oregon;
			productReference = 6ED4640F1BD99A5D0075B042 /* Oregon.app */;
			productType = "com.apple.product-type.application";
		};
/* End PBXNativeTarget section */

/* Begin PBXProject section */
		6ED464071BD99A5D0075B042 /* Project object */ = {
			isa = PBXProject;
			attributes = {
				LastUpgradeCheck = 0700;
				ORGANIZATIONNAME = "Maruchi Kim";
				TargetAttributes = {
					6ED4640E1BD99A5D0075B042 = {
						CreatedOnToolsVersion = 7.0.1;
					};
				};
			};
			buildConfigurationList = 6ED4640A1BD99A5D0075B042 /* Build configuration list for PBXProject "Oregon" */;
			compatibilityVersion = "Xcode 3.2";
			developmentRegion = English;
			hasScannedForEncodings = 0;
			knownRegions = (
				en,
				Base,
			);
			mainGroup = 6ED464061BD99A5D0075B042;
			productRefGroup = 6ED464101BD99A5D0075B042 /* Products */;
			projectDirPath = "";
			projectRoot = "";
			targets = (
				6ED4640E1BD99A5D0075B042 /* Oregon */,
			);
		};
/* End PBXProject section */

/* Begin PBXResourcesBuildPhase section */
		6ED4640D1BD99A5D0075B042 /* Resources */ = {
			isa = PBXResourcesBuildPhase;
			buildActionMask = 2147483647;
			files = (
				6ED464251BD99A5D0075B042 /* LaunchScreen.storyboard in Resources */,
				6ED464221BD99A5D0075B042 /* Assets.xcassets in Resources */,
				6ED4641D1BD99A5D0075B042 /* Main.storyboard in Resources */,
			);
			runOnlyForDeploymentPostprocessing = 0;
		};
/* End PBXResourcesBuildPhase section */

/* Begin PBXSourcesBuildPhase section */
		6ED4640B1BD99A5D0075B042 /* Sources */ = {
			isa = PBXSourcesBuildPhase;
			buildActionMask = 2147483647;
			files = (
				6ED4641A1BD99A5D0075B042 /* ViewController.m in Sources */,
				6ED464201BD99A5D0075B042 /* Oregon.xcdatamodeld in Sources */,
				6ED464171BD99A5D0075B042 /* AppDelegate.m in Sources */,
				6ED464141BD99A5D0075B042 /* main.m in Sources */,
			);
			runOnlyForDeploymentPostprocessing = 0;
		};
/* End PBXSourcesBuildPhase section */

/* Begin PBXVariantGroup section */
		6ED4641B1BD99A5D0075B042 /* Main.storyboard */ = {
			isa = PBXVariantGroup;
			children = (
				6ED4641C1BD99A5D0075B042 /* Base */,
			);
			name = Main.storyboard;
			sourceTree = "<group>";
		};
		6ED464231BD99A5D0075B042 /* LaunchScreen.storyboard */ = {
			isa = PBXVariantGroup;
			children = (
				6ED464241BD99A5D0075B042 /* Base */,
			);
			name = LaunchScreen.storyboard;
			sourceTree = "<group>";
		};
/* End PBXVariantGroup section */

/* Begin XCBuildConfiguration section */
		6ED464271BD99A5D0075B042 /* Debug */ = {
			isa = XCBuildConfiguration;
			buildSettings = {
				ALWAYS_SEARCH_USER_PATHS = NO;
				CLANG_CXX_LANGUAGE_STANDARD = "gnu++0x";
				CLANG_CXX_LIBRARY = "libc++";
				CLANG_ENABLE_MODULES = YES;
				CLANG_ENABLE_OBJC_ARC = YES;
				CLANG_WARN_BOOL_CONVERSION = YES;
				CLANG_WARN_CONSTANT_CONVERSION = YES;
				CLANG_WARN_DIRECT_OBJC_ISA_USAGE = YES_ERROR;
				CLANG_WARN_EMPTY_BODY = YES;
				CLANG_WARN_ENUM_CONVERSION = YES;
				CLANG_WARN_INT_CONVERSION = YES;
				CLANG_WARN_OBJC_ROOT_CLASS = YES_ERROR;
				CLANG_WARN_UNREACHABLE_CODE = YES;
				CLANG_WARN__DUPLICATE_METHOD_MATCH = YES;
				"CODE_SIGN_IDENTITY[sdk=iphoneos*]" = "iPhone Developer";
				COPY_PHASE_STRIP = NO;
				DEBUG_INFORMATION_FORMAT = dwarf;
				ENABLE_STRICT_OBJC_MSGSEND = YES;
				ENABLE_TESTABILITY = YES;
				GCC_C_LANGUAGE_STANDARD = gnu99;
				GCC_DYNAMIC_NO_PIC = NO;
				GCC_NO_COMMON_BLOCKS = YES;
				GCC_OPTIMIZATION_LEVEL = 0;
				GCC_PREPROCESSOR_DEFINITIONS = (
					"DEBUG=1",
					"$(inherited)",
				);
				GCC_WARN_64_TO_32_BIT_CONVERSION = YES;
				GCC_WARN_ABOUT_RETURN_TYPE = YES_ERROR;
				GCC_WARN_UNDECLARED_SELECTOR = YES;
				GCC_WARN_UNINITIALIZED_AUTOS = YES_AGGRESSIVE;
				GCC_WARN_UNUSED_FUNCTION = YES;
				GCC_WARN_UNUSED_VARIABLE = YES;
				IPHONEOS_DEPLOYMENT_TARGET = 9.0;
				MTL_ENABLE_DEBUG_INFO = YES;
				ONLY_ACTIVE_ARCH = YES;
				SDKROOT = iphoneos;
			};
			name = Debug;
		};
		6ED464281BD99A5D0075B042 /* Release */ = {
			isa = XCBuildConfiguration;
			buildSettings = {
				ALWAYS_SEARCH_USER_PATHS = NO;
				CLANG_CXX_LANGUAGE_STANDARD = "gnu++0x";
				CLANG_CXX_LIBRARY = "libc++";
				CLANG_ENABLE_MODULES = YES;
				CLANG_ENABLE_OBJC_ARC = YES;
				CLANG_WARN_BOOL_CONVERSION = YES;
				CLANG_WARN_CONSTANT_CONVERSION = YES;
				CLANG_WARN_DIRECT_OBJC_ISA_USAGE = YES_ERROR;
				CLANG_WARN_EMPTY_BODY = YES;
				CLANG_WARN_ENUM_CONVERSION = YES;
				CLANG_WARN_INT_CONVERSION = YES;
				CLANG_WARN_OBJC_ROOT_CLASS = YES_ERROR;
				CLANG_WARN_UNREACHABLE_CODE = YES;
				CLANG_WARN__DUPLICATE_METHOD_MATCH = YES;
				"CODE_SIGN_IDENTITY[sdk=iphoneos*]" = "iPhone Developer";
				COPY_PHASE_STRIP = NO;
				DEBUG_INFORMATION_FORMAT = "dwarf-with-dsym";
				ENABLE_NS_ASSERTIONS = NO;
				ENABLE_STRICT_OBJC_MSGSEND = YES;
				GCC_C_LANGUAGE_STANDARD = gnu99;
				GCC_NO_COMMON_BLOCKS = YES;
				GCC_WARN_64_TO_32_BIT_CONVERSION = YES;
				GCC_WARN_ABOUT_RETURN_TYPE = YES_ERROR;
				GCC_WARN_UNDECLARED_SELECTOR = YES;
				GCC_WARN_UNINITIALIZED_AUTOS = YES_AGGRESSIVE;
				GCC_WARN_UNUSED_FUNCTION = YES;
				GCC_WARN_UNUSED_VARIABLE = YES;
				IPHONEOS_DEPLOYMENT_TARGET = 9.0;
				MTL_ENABLE_DEBUG_INFO = NO;
				SDKROOT = iphoneos;
				VALIDATE_PRODUCT = YES;
			};
			name = Release;
		};
		6ED4642A1BD99A5D0075B042 /* Debug */ = {
			isa = XCBuildConfiguration;
			buildSettings = {
				ASSETCATALOG_COMPILER_APPICON_NAME = AppIcon;
				INFOPLIST_FILE = Oregon/Info.plist;
				LD_RUNPATH_SEARCH_PATHS = "$(inherited) @executable_path/Frameworks";
				PRODUCT_BUNDLE_IDENTIFIER = Automatic.Oregon;
				PRODUCT_NAME = "$(TARGET_NAME)";
			};
			name = Debug;
		};
		6ED4642B1BD99A5D0075B042 /* Release */ = {
			isa = XCBuildConfiguration;
			buildSettings = {
				ASSETCATALOG_COMPILER_APPICON_NAME = AppIcon;
				INFOPLIST_FILE = Oregon/Info.plist;
				LD_RUNPATH_SEARCH_PATHS = "$(inherited) @executable_path/Frameworks";
				PRODUCT_BUNDLE_IDENTIFIER = Automatic.Oregon;
				PRODUCT_NAME = "$(TARGET_NAME)";
			};
			name = Release;
		};
/* End XCBuildConfiguration section */

/* Begin XCConfigurationList section */
		6ED4640A1BD99A5D0075B042 /* Build configuration list for PBXProject "Oregon" */ = {
			isa = XCConfigurationList;
			buildConfigurations = (
				6ED464271BD99A5D0075B042 /* Debug */,
				6ED464281BD99A5D0075B042 /* Release */,
			);
			defaultConfigurationIsVisible = 0;
			defaultConfigurationName = Release;
		};
		6ED464291BD99A5D0075B042 /* Build configuration list for PBXNativeTarget "Oregon" */ = {
			isa = XCConfigurationList;
			buildConfigurations = (
				6ED4642A1BD99A5D0075B042 /* Debug */,
				6ED4642B1BD99A5D0075B042 /* Release */,
			);
			defaultConfigurationIsVisible = 0;
		};
/* End XCConfigurationList section */

/* Begin XCVersionGroup section */
		6ED4641E1BD99A5D0075B042 /* Oregon.xcdatamodeld */ = {
			isa = XCVersionGroup;
			children = (
				6ED4641F1BD99A5D0075B042 /* Oregon.xcdatamodel */,
			);
			currentVersion = 6ED4641F1BD99A5D0075B042 /* Oregon.xcdatamodel */;
			path = Oregon.xcdatamodeld;
			sourceTree = "<group>";
			versionGroupType = wrapper.xcdatamodel;
		};
/* End XCVersionGroup section */
	};
	rootObject = 6ED464071BD99A5D0075B042 /* Project object */;
}
